
Microsoft Visual Studio Solution File, Format Version 12.00
# Visual Studio 15
VisualStudioVersion = 15.0.28307.572
MinimumVisualStudioVersion = 10.0.40219.1
Project("{FAE04EC0-301F-11D3-BF4B-00C04F79EFBC}") = "LikeableThings", "LikeableThings\LikeableThings.csproj", "{6958A880-5353-4C78-85B0-B54558F00981}"
EndProject
Global
	GlobalSection(SolutionConfigurationPlatforms) = preSolution
		Debug|Any CPU = Debug|Any CPU
		Release|Any CPU = Release|Any CPU
	EndGlobalSection
	GlobalSection(ProjectConfigurationPlatforms) = postSolution
		{6958A880-5353-4C78-85B0-B54558F00981}.Debug|Any CPU.ActiveCfg = Debug|Any CPU
		{6958A880-5353-4C78-85B0-B54558F00981}.Debug|Any CPU.Build.0 = Debug|Any CPU
		{6958A880-5353-4C78-85B0-B54558F00981}.Release|Any CPU.ActiveCfg = Release|Any CPU
		{6958A880-5353-4C78-85B0-B54558F00981}.Release|Any CPU.Build.0 = Release|Any CPU
	EndGlobalSection
	GlobalSection(SolutionProperties) = preSolution
		HideSolutionNode = FALSE
	EndGlobalSection
	GlobalSection(ExtensibilityGlobals) = postSolution
		SolutionGuid = {C24CE1CB-9138-4A06-939F-FE5AC9230CD6}
	EndGlobalSection
EndGlobal
